
Microsoft Visual Studio Solution File, Format Version 12.00
# Visual Studio 14
VisualStudioVersion = 14.0.23107.0
MinimumVisualStudioVersion = 10.0.40219.1
Project("{FAE04EC0-301F-11D3-BF4B-00C04F79EFBC}") = "DataColector", "DataColector\DataColector.csproj", "{2004C562-F4ED-4BA9-81C9-822956CF44CD}"
EndProject
Project("{FAE04EC0-301F-11D3-BF4B-00C04F79EFBC}") = "DataParser", "DataParser\DataParser.csproj", "{586A03BB-1702-4143-B370-E1DC6656762A}"
EndProject
Project("{FAE04EC0-301F-11D3-BF4B-00C04F79EFBC}") = "DataSaver", "DataSaver\DataSaver.csproj", "{86F12AF1-4223-4194-9D54-E67E12481447}"
EndProject
Project("{FAE04EC0-301F-11D3-BF4B-00C04F79EFBC}") = "DXApplication1", "DXApplication1\DXApplication1.csproj", "{566460EE-3982-494B-8F10-6882E751097F}"
EndProject
Project("{FAE04EC0-301F-11D3-BF4B-00C04F79EFBC}") = "ConsoleApplication1", "ConsoleApplication1\ConsoleApplication1.csproj", "{CD34375C-4AB0-485F-83BA-08BEF38805D8}"
EndProject
Project("{FAE04EC0-301F-11D3-BF4B-00C04F79EFBC}") = "License", "License\License.csproj", "{F2608D24-A0E2-4BF8-8E58-C3B931DF08A6}"
EndProject
Project("{FAE04EC0-301F-11D3-BF4B-00C04F79EFBC}") = "LicenseManager", "LicenseManager\LicenseManager.csproj", "{DAE60826-53C1-4E80-BFD1-D0B3E5F9553B}"
EndProject
Global
	GlobalSection(SolutionConfigurationPlatforms) = preSolution
		Debug|Any CPU = Debug|Any CPU
		Debug|ARM = Debug|ARM
		Debug|x64 = Debug|x64
		Debug|x86 = Debug|x86
		Release|Any CPU = Release|Any CPU
		Release|ARM = Release|ARM
		Release|x64 = Release|x64
		Release|x86 = Release|x86
	EndGlobalSection
	GlobalSection(ProjectConfigurationPlatforms) = postSolution
		{2004C562-F4ED-4BA9-81C9-822956CF44CD}.Debug|Any CPU.ActiveCfg = Debug|Any CPU
		{2004C562-F4ED-4BA9-81C9-822956CF44CD}.Debug|Any CPU.Build.0 = Debug|Any CPU
		{2004C562-F4ED-4BA9-81C9-822956CF44CD}.Debug|ARM.ActiveCfg = Debug|Any CPU
		{2004C562-F4ED-4BA9-81C9-822956CF44CD}.Debug|ARM.Build.0 = Debug|Any CPU
		{2004C562-F4ED-4BA9-81C9-822956CF44CD}.Debug|x64.ActiveCfg = Debug|Any CPU
		{2004C562-F4ED-4BA9-81C9-822956CF44CD}.Debug|x64.Build.0 = Debug|Any CPU
		{2004C562-F4ED-4BA9-81C9-822956CF44CD}.Debug|x86.ActiveCfg = Debug|Any CPU
		{2004C562-F4ED-4BA9-81C9-822956CF44CD}.Debug|x86.Build.0 = Debug|Any CPU
		{2004C562-F4ED-4BA9-81C9-822956CF44CD}.Release|Any CPU.ActiveCfg = Release|Any CPU
		{2004C562-F4ED-4BA9-81C9-822956CF44CD}.Release|Any CPU.Build.0 = Release|Any CPU
		{2004C562-F4ED-4BA9-81C9-822956CF44CD}.Release|ARM.ActiveCfg = Release|Any CPU
		{2004C562-F4ED-4BA9-81C9-822956CF44CD}.Release|ARM.Build.0 = Release|Any CPU
		{2004C562-F4ED-4BA9-81C9-822956CF44CD}.Release|x64.ActiveCfg = Release|Any CPU
		{2004C562-F4ED-4BA9-81C9-822956CF44CD}.Release|x64.Build.0 = Release|Any CPU
		{2004C562-F4ED-4BA9-81C9-822956CF44CD}.Release|x86.ActiveCfg = Release|Any CPU
		{2004C562-F4ED-4BA9-81C9-822956CF44CD}.Release|x86.Build.0 = Release|Any CPU
		{586A03BB-1702-4143-B370-E1DC6656762A}.Debug|Any CPU.ActiveCfg = Debug|Any CPU
		{586A03BB-1702-4143-B370-E1DC6656762A}.Debug|Any CPU.Build.0 = Debug|Any CPU
		{586A03BB-1702-4143-B370-E1DC6656762A}.Debug|ARM.ActiveCfg = Debug|Any CPU
		{586A03BB-1702-4143-B370-E1DC6656762A}.Debug|ARM.Build.0 = Debug|Any CPU
		{586A03BB-1702-4143-B370-E1DC6656762A}.Debug|x64.ActiveCfg = Debug|Any CPU
		{586A03BB-1702-4143-B370-E1DC6656762A}.Debug|x64.Build.0 = Debug|Any CPU
		{586A03BB-1702-4143-B370-E1DC6656762A}.Debug|x86.ActiveCfg = Debug|Any CPU
		{586A03BB-1702-4143-B370-E1DC6656762A}.Debug|x86.Build.0 = Debug|Any CPU
		{586A03BB-1702-4143-B370-E1DC6656762A}.Release|Any CPU.ActiveCfg = Release|Any CPU
		{586A03BB-1702-4143-B370-E1DC6656762A}.Release|Any CPU.Build.0 = Release|Any CPU
		{586A03BB-1702-4143-B370-E1DC6656762A}.Release|ARM.ActiveCfg = Release|Any CPU
		{586A03BB-1702-4143-B370-E1DC6656762A}.Release|ARM.Build.0 = Release|Any CPU
		{586A03BB-1702-4143-B370-E1DC6656762A}.Release|x64.ActiveCfg = Release|Any CPU
		{586A03BB-1702-4143-B370-E1DC6656762A}.Release|x64.Build.0 = Release|Any CPU
		{586A03BB-1702-4143-B370-E1DC6656762A}.Release|x86.ActiveCfg = Release|Any CPU
		{586A03BB-1702-4143-B370-E1DC6656762A}.Release|x86.Build.0 = Release|Any CPU
		{86F12AF1-4223-4194-9D54-E67E12481447}.Debug|Any CPU.ActiveCfg = Debug|Any CPU
		{86F12AF1-4223-4194-9D54-E67E12481447}.Debug|Any CPU.Build.0 = Debug|Any CPU
		{86F12AF1-4223-4194-9D54-E67E12481447}.Debug|ARM.ActiveCfg = Debug|Any CPU
		{86F12AF1-4223-4194-9D54-E67E12481447}.Debug|ARM.Build.0 = Debug|Any CPU
		{86F12AF1-4223-4194-9D54-E67E12481447}.Debug|x64.ActiveCfg = Debug|Any CPU
		{86F12AF1-4223-4194-9D54-E67E12481447}.Debug|x64.Build.0 = Debug|Any CPU
		{86F12AF1-4223-4194-9D54-E67E12481447}.Debug|x86.ActiveCfg = Debug|Any CPU
		{86F12AF1-4223-4194-9D54-E67E12481447}.Debug|x86.Build.0 = Debug|Any CPU
		{86F12AF1-4223-4194-9D54-E67E12481447}.Release|Any CPU.ActiveCfg = Release|Any CPU
		{86F12AF1-4223-4194-9D54-E67E12481447}.Release|Any CPU.Build.0 = Release|Any CPU
		{86F12AF1-4223-4194-9D54-E67E12481447}.Release|ARM.ActiveCfg = Release|Any CPU
		{86F12AF1-4223-4194-9D54-E67E12481447}.Release|ARM.Build.0 = Release|Any CPU
		{86F12AF1-4223-4194-9D54-E67E12481447}.Release|x64.ActiveCfg = Release|Any CPU
		{86F12AF1-4223-4194-9D54-E67E12481447}.Release|x64.Build.0 = Release|Any CPU
		{86F12AF1-4223-4194-9D54-E67E12481447}.Release|x86.ActiveCfg = Release|Any CPU
		{86F12AF1-4223-4194-9D54-E67E12481447}.Release|x86.Build.0 = Release|Any CPU
		{566460EE-3982-494B-8F10-6882E751097F}.Debug|Any CPU.ActiveCfg = Debug|Any CPU
		{566460EE-3982-494B-8F10-6882E751097F}.Debug|Any CPU.Build.0 = Debug|Any CPU
		{566460EE-3982-494B-8F10-6882E751097F}.Debug|ARM.ActiveCfg = Debug|Any CPU
		{566460EE-3982-494B-8F10-6882E751097F}.Debug|ARM.Build.0 = Debug|Any CPU
		{566460EE-3982-494B-8F10-6882E751097F}.Debug|x64.ActiveCfg = Debug|Any CPU
		{566460EE-3982-494B-8F10-6882E751097F}.Debug|x64.Build.0 = Debug|Any CPU
		{566460EE-3982-494B-8F10-6882E751097F}.Debug|x86.ActiveCfg = Debug|Any CPU
		{566460EE-3982-494B-8F10-6882E751097F}.Debug|x86.Build.0 = Debug|Any CPU
		{566460EE-3982-494B-8F10-6882E751097F}.Release|Any CPU.ActiveCfg = Release|Any CPU
		{566460EE-3982-494B-8F10-6882E751097F}.Release|Any CPU.Build.0 = Release|Any CPU
		{566460EE-3982-494B-8F10-6882E751097F}.Release|ARM.ActiveCfg = Release|Any CPU
		{566460EE-3982-494B-8F10-6882E751097F}.Release|ARM.Build.0 = Release|Any CPU
		{566460EE-3982-494B-8F10-6882E751097F}.Release|x64.ActiveCfg = Release|Any CPU
		{566460EE-3982-494B-8F10-6882E751097F}.Release|x64.Build.0 = Release|Any CPU
		{566460EE-3982-494B-8F10-6882E751097F}.Release|x86.ActiveCfg = Release|Any CPU
		{566460EE-3982-494B-8F10-6882E751097F}.Release|x86.Build.0 = Release|Any CPU
		{CD34375C-4AB0-485F-83BA-08BEF38805D8}.Debug|Any CPU.ActiveCfg = Debug|Any CPU
		{CD34375C-4AB0-485F-83BA-08BEF38805D8}.Debug|Any CPU.Build.0 = Debug|Any CPU
		{CD34375C-4AB0-485F-83BA-08BEF38805D8}.Debug|ARM.ActiveCfg = Debug|Any CPU
		{CD34375C-4AB0-485F-83BA-08BEF38805D8}.Debug|ARM.Build.0 = Debug|Any CPU
		{CD34375C-4AB0-485F-83BA-08BEF38805D8}.Debug|x64.ActiveCfg = Debug|Any CPU
		{CD34375C-4AB0-485F-83BA-08BEF38805D8}.Debug|x64.Build.0 = Debug|Any CPU
		{CD34375C-4AB0-485F-83BA-08BEF38805D8}.Debug|x86.ActiveCfg = Debug|Any CPU
		{CD34375C-4AB0-485F-83BA-08BEF38805D8}.Debug|x86.Build.0 = Debug|Any CPU
		{CD34375C-4AB0-485F-83BA-08BEF38805D8}.Release|Any CPU.ActiveCfg = Release|Any CPU
		{CD34375C-4AB0-485F-83BA-08BEF38805D8}.Release|Any CPU.Build.0 = Release|Any CPU
		{CD34375C-4AB0-485F-83BA-08BEF38805D8}.Release|ARM.ActiveCfg = Release|Any CPU
		{CD34375C-4AB0-485F-83BA-08BEF38805D8}.Release|ARM.Build.0 = Release|Any CPU
		{CD34375C-4AB0-485F-83BA-08BEF38805D8}.Release|x64.ActiveCfg = Release|Any CPU
		{CD34375C-4AB0-485F-83BA-08BEF38805D8}.Release|x64.Build.0 = Release|Any CPU
		{CD34375C-4AB0-485F-83BA-08BEF38805D8}.Release|x86.ActiveCfg = Release|Any CPU
		{CD34375C-4AB0-485F-83BA-08BEF38805D8}.Release|x86.Build.0 = Release|Any CPU
		{F2608D24-A0E2-4BF8-8E58-C3B931DF08A6}.Debug|Any CPU.ActiveCfg = Debug|Any CPU
		{F2608D24-A0E2-4BF8-8E58-C3B931DF08A6}.Debug|Any CPU.Build.0 = Debug|Any CPU
		{F2608D24-A0E2-4BF8-8E58-C3B931DF08A6}.Debug|ARM.ActiveCfg = Debug|Any CPU
		{F2608D24-A0E2-4BF8-8E58-C3B931DF08A6}.Debug|ARM.Build.0 = Debug|Any CPU
		{F2608D24-A0E2-4BF8-8E58-C3B931DF08A6}.Debug|x64.ActiveCfg = Debug|Any CPU
		{F2608D24-A0E2-4BF8-8E58-C3B931DF08A6}.Debug|x64.Build.0 = Debug|Any CPU
		{F2608D24-A0E2-4BF8-8E58-C3B931DF08A6}.Debug|x86.ActiveCfg = Debug|Any CPU
		{F2608D24-A0E2-4BF8-8E58-C3B931DF08A6}.Debug|x86.Build.0 = Debug|Any CPU
		{F2608D24-A0E2-4BF8-8E58-C3B931DF08A6}.Release|Any CPU.ActiveCfg = Release|Any CPU
		{F2608D24-A0E2-4BF8-8E58-C3B931DF08A6}.Release|Any CPU.Build.0 = Release|Any CPU
		{F2608D24-A0E2-4BF8-8E58-C3B931DF08A6}.Release|ARM.ActiveCfg = Release|Any CPU
		{F2608D24-A0E2-4BF8-8E58-C3B931DF08A6}.Release|ARM.Build.0 = Release|Any CPU
		{F2608D24-A0E2-4BF8-8E58-C3B931DF08A6}.Release|x64.ActiveCfg = Release|Any CPU
		{F2608D24-A0E2-4BF8-8E58-C3B931DF08A6}.Release|x64.Build.0 = Release|Any CPU
		{F2608D24-A0E2-4BF8-8E58-C3B931DF08A6}.Release|x86.ActiveCfg = Release|Any CPU
		{F2608D24-A0E2-4BF8-8E58-C3B931DF08A6}.Release|x86.Build.0 = Release|Any CPU
		{DAE60826-53C1-4E80-BFD1-D0B3E5F9553B}.Debug|Any CPU.ActiveCfg = Debug|Any CPU
		{DAE60826-53C1-4E80-BFD1-D0B3E5F9553B}.Debug|Any CPU.Build.0 = Debug|Any CPU
		{DAE60826-53C1-4E80-BFD1-D0B3E5F9553B}.Debug|ARM.ActiveCfg = Debug|Any CPU
		{DAE60826-53C1-4E80-BFD1-D0B3E5F9553B}.Debug|ARM.Build.0 = Debug|Any CPU
		{DAE60826-53C1-4E80-BFD1-D0B3E5F9553B}.Debug|x64.ActiveCfg = Debug|Any CPU
		{DAE60826-53C1-4E80-BFD1-D0B3E5F9553B}.Debug|x64.Build.0 = Debug|Any CPU
		{DAE60826-53C1-4E80-BFD1-D0B3E5F9553B}.Debug|x86.ActiveCfg = Debug|Any CPU
		{DAE60826-53C1-4E80-BFD1-D0B3E5F9553B}.Debug|x86.Build.0 = Debug|Any CPU
		{DAE60826-53C1-4E80-BFD1-D0B3E5F9553B}.Release|Any CPU.ActiveCfg = Release|Any CPU
		{DAE60826-53C1-4E80-BFD1-D0B3E5F9553B}.Release|Any CPU.Build.0 = Release|Any CPU
		{DAE60826-53C1-4E80-BFD1-D0B3E5F9553B}.Release|ARM.ActiveCfg = Release|Any CPU
		{DAE60826-53C1-4E80-BFD1-D0B3E5F9553B}.Release|ARM.Build.0 = Release|Any CPU
		{DAE60826-53C1-4E80-BFD1-D0B3E5F9553B}.Release|x64.ActiveCfg = Release|Any CPU
		{DAE60826-53C1-4E80-BFD1-D0B3E5F9553B}.Release|x64.Build.0 = Release|Any CPU
		{DAE60826-53C1-4E80-BFD1-D0B3E5F9553B}.Release|x86.ActiveCfg = Release|Any CPU
		{DAE60826-53C1-4E80-BFD1-D0B3E5F9553B}.Release|x86.Build.0 = Release|Any CPU
	EndGlobalSection
	GlobalSection(SolutionProperties) = preSolution
		HideSolutionNode = FALSE
	EndGlobalSection
EndGlobal
