
Microsoft Visual Studio Solution File, Format Version 12.00
# Visual Studio 15
VisualStudioVersion = 15.0.26430.6
MinimumVisualStudioVersion = 10.0.40219.1
Project("{FAE04EC0-301F-11D3-BF4B-00C04F79EFBC}") = "DataParser", "DataParser\DataParser.csproj", "{586A03BB-1702-4143-B370-E1DC6656762A}"
EndProject
Project("{FAE04EC0-301F-11D3-BF4B-00C04F79EFBC}") = "DXApplication1", "DXApplication1\DXApplication1.csproj", "{566460EE-3982-494B-8F10-6882E751097F}"
EndProject
Project("{FAE04EC0-301F-11D3-BF4B-00C04F79EFBC}") = "ConsoleApplication1", "ConsoleApplication1\ConsoleApplication1.csproj", "{CD34375C-4AB0-485F-83BA-08BEF38805D8}"
EndProject
Project("{FAE04EC0-301F-11D3-BF4B-00C04F79EFBC}") = "FormulasCollection", "FormulasCollection\FormulasCollection.csproj", "{C6982AB9-704A-474F-A303-89B4C4A3D11E}"
EndProject
Project("{FAE04EC0-301F-11D3-BF4B-00C04F79EFBC}") = "DataSaver", "DataSaver\DataSaver.csproj", "{6C968817-C8BB-4BFF-9284-C786DBF5E90D}"
EndProject
Project("{FAE04EC0-301F-11D3-BF4B-00C04F79EFBC}") = "DataLoader", "DataLoader\DataLoader.csproj", "{1F03FA64-CCEE-4BDB-AED8-9AAB4EE556B1}"
EndProject
Project("{FAE04EC0-301F-11D3-BF4B-00C04F79EFBC}") = "SiteAccess", "SiteAccess\SiteAccess.csproj", "{DDC82E86-35CB-4465-B23C-6C341FE9CC36}"
EndProject
Project("{FAE04EC0-301F-11D3-BF4B-00C04F79EFBC}") = "UnitTest", "UnitTest\UnitTest.csproj", "{658CF62B-C293-465B-AB16-E8E4C00A4B3F}"
EndProject
Project("{FAE04EC0-301F-11D3-BF4B-00C04F79EFBC}") = "MarathonBetLibrary", "MarathonBetLibrary\MarathonBetLibrary.csproj", "{B1E83A0F-594B-4DA5-A787-BC95A7F99765}"
EndProject
Project("{FAE04EC0-301F-11D3-BF4B-00C04F79EFBC}") = "PinnacleWrapper", "pinnaclewrapper\PinnacleWrapper.csproj", "{49CCCA7D-98C3-44BA-94F6-45DA4AFF7886}"
EndProject
Global
	GlobalSection(SolutionConfigurationPlatforms) = preSolution
		Debug|Any CPU = Debug|Any CPU
		Debug|ARM = Debug|ARM
		Debug|x64 = Debug|x64
		Debug|x86 = Debug|x86
		Release|Any CPU = Release|Any CPU
		Release|ARM = Release|ARM
		Release|x64 = Release|x64
		Release|x86 = Release|x86
	EndGlobalSection
	GlobalSection(ProjectConfigurationPlatforms) = postSolution
		{586A03BB-1702-4143-B370-E1DC6656762A}.Debug|Any CPU.ActiveCfg = Debug|Any CPU
		{586A03BB-1702-4143-B370-E1DC6656762A}.Debug|Any CPU.Build.0 = Debug|Any CPU
		{586A03BB-1702-4143-B370-E1DC6656762A}.Debug|ARM.ActiveCfg = Debug|Any CPU
		{586A03BB-1702-4143-B370-E1DC6656762A}.Debug|ARM.Build.0 = Debug|Any CPU
		{586A03BB-1702-4143-B370-E1DC6656762A}.Debug|x64.ActiveCfg = Debug|Any CPU
		{586A03BB-1702-4143-B370-E1DC6656762A}.Debug|x64.Build.0 = Debug|Any CPU
		{586A03BB-1702-4143-B370-E1DC6656762A}.Debug|x86.ActiveCfg = Debug|Any CPU
		{586A03BB-1702-4143-B370-E1DC6656762A}.Debug|x86.Build.0 = Debug|Any CPU
		{586A03BB-1702-4143-B370-E1DC6656762A}.Release|Any CPU.ActiveCfg = Release|Any CPU
		{586A03BB-1702-4143-B370-E1DC6656762A}.Release|Any CPU.Build.0 = Release|Any CPU
		{586A03BB-1702-4143-B370-E1DC6656762A}.Release|ARM.ActiveCfg = Release|Any CPU
		{586A03BB-1702-4143-B370-E1DC6656762A}.Release|ARM.Build.0 = Release|Any CPU
		{586A03BB-1702-4143-B370-E1DC6656762A}.Release|x64.ActiveCfg = Release|Any CPU
		{586A03BB-1702-4143-B370-E1DC6656762A}.Release|x64.Build.0 = Release|Any CPU
		{586A03BB-1702-4143-B370-E1DC6656762A}.Release|x86.ActiveCfg = Release|Any CPU
		{586A03BB-1702-4143-B370-E1DC6656762A}.Release|x86.Build.0 = Release|Any CPU
		{566460EE-3982-494B-8F10-6882E751097F}.Debug|Any CPU.ActiveCfg = Debug|Any CPU
		{566460EE-3982-494B-8F10-6882E751097F}.Debug|Any CPU.Build.0 = Debug|Any CPU
		{566460EE-3982-494B-8F10-6882E751097F}.Debug|ARM.ActiveCfg = Debug|Any CPU
		{566460EE-3982-494B-8F10-6882E751097F}.Debug|ARM.Build.0 = Debug|Any CPU
		{566460EE-3982-494B-8F10-6882E751097F}.Debug|x64.ActiveCfg = Debug|Any CPU
		{566460EE-3982-494B-8F10-6882E751097F}.Debug|x64.Build.0 = Debug|Any CPU
		{566460EE-3982-494B-8F10-6882E751097F}.Debug|x86.ActiveCfg = Debug|Any CPU
		{566460EE-3982-494B-8F10-6882E751097F}.Debug|x86.Build.0 = Debug|Any CPU
		{566460EE-3982-494B-8F10-6882E751097F}.Release|Any CPU.ActiveCfg = Release|Any CPU
		{566460EE-3982-494B-8F10-6882E751097F}.Release|Any CPU.Build.0 = Release|Any CPU
		{566460EE-3982-494B-8F10-6882E751097F}.Release|ARM.ActiveCfg = Release|Any CPU
		{566460EE-3982-494B-8F10-6882E751097F}.Release|ARM.Build.0 = Release|Any CPU
		{566460EE-3982-494B-8F10-6882E751097F}.Release|x64.ActiveCfg = Release|Any CPU
		{566460EE-3982-494B-8F10-6882E751097F}.Release|x64.Build.0 = Release|Any CPU
		{566460EE-3982-494B-8F10-6882E751097F}.Release|x86.ActiveCfg = Release|Any CPU
		{566460EE-3982-494B-8F10-6882E751097F}.Release|x86.Build.0 = Release|Any CPU
		{CD34375C-4AB0-485F-83BA-08BEF38805D8}.Debug|Any CPU.ActiveCfg = Debug|Any CPU
		{CD34375C-4AB0-485F-83BA-08BEF38805D8}.Debug|Any CPU.Build.0 = Debug|Any CPU
		{CD34375C-4AB0-485F-83BA-08BEF38805D8}.Debug|ARM.ActiveCfg = Debug|Any CPU
		{CD34375C-4AB0-485F-83BA-08BEF38805D8}.Debug|ARM.Build.0 = Debug|Any CPU
		{CD34375C-4AB0-485F-83BA-08BEF38805D8}.Debug|x64.ActiveCfg = Debug|Any CPU
		{CD34375C-4AB0-485F-83BA-08BEF38805D8}.Debug|x64.Build.0 = Debug|Any CPU
		{CD34375C-4AB0-485F-83BA-08BEF38805D8}.Debug|x86.ActiveCfg = Debug|Any CPU
		{CD34375C-4AB0-485F-83BA-08BEF38805D8}.Debug|x86.Build.0 = Debug|Any CPU
		{CD34375C-4AB0-485F-83BA-08BEF38805D8}.Release|Any CPU.ActiveCfg = Release|Any CPU
		{CD34375C-4AB0-485F-83BA-08BEF38805D8}.Release|Any CPU.Build.0 = Release|Any CPU
		{CD34375C-4AB0-485F-83BA-08BEF38805D8}.Release|ARM.ActiveCfg = Release|Any CPU
		{CD34375C-4AB0-485F-83BA-08BEF38805D8}.Release|ARM.Build.0 = Release|Any CPU
		{CD34375C-4AB0-485F-83BA-08BEF38805D8}.Release|x64.ActiveCfg = Release|Any CPU
		{CD34375C-4AB0-485F-83BA-08BEF38805D8}.Release|x64.Build.0 = Release|Any CPU
		{CD34375C-4AB0-485F-83BA-08BEF38805D8}.Release|x86.ActiveCfg = Release|Any CPU
		{CD34375C-4AB0-485F-83BA-08BEF38805D8}.Release|x86.Build.0 = Release|Any CPU
		{C6982AB9-704A-474F-A303-89B4C4A3D11E}.Debug|Any CPU.ActiveCfg = Debug|Any CPU
		{C6982AB9-704A-474F-A303-89B4C4A3D11E}.Debug|Any CPU.Build.0 = Debug|Any CPU
		{C6982AB9-704A-474F-A303-89B4C4A3D11E}.Debug|ARM.ActiveCfg = Debug|Any CPU
		{C6982AB9-704A-474F-A303-89B4C4A3D11E}.Debug|ARM.Build.0 = Debug|Any CPU
		{C6982AB9-704A-474F-A303-89B4C4A3D11E}.Debug|x64.ActiveCfg = Debug|Any CPU
		{C6982AB9-704A-474F-A303-89B4C4A3D11E}.Debug|x64.Build.0 = Debug|Any CPU
		{C6982AB9-704A-474F-A303-89B4C4A3D11E}.Debug|x86.ActiveCfg = Debug|Any CPU
		{C6982AB9-704A-474F-A303-89B4C4A3D11E}.Debug|x86.Build.0 = Debug|Any CPU
		{C6982AB9-704A-474F-A303-89B4C4A3D11E}.Release|Any CPU.ActiveCfg = Release|Any CPU
		{C6982AB9-704A-474F-A303-89B4C4A3D11E}.Release|Any CPU.Build.0 = Release|Any CPU
		{C6982AB9-704A-474F-A303-89B4C4A3D11E}.Release|ARM.ActiveCfg = Release|Any CPU
		{C6982AB9-704A-474F-A303-89B4C4A3D11E}.Release|ARM.Build.0 = Release|Any CPU
		{C6982AB9-704A-474F-A303-89B4C4A3D11E}.Release|x64.ActiveCfg = Release|Any CPU
		{C6982AB9-704A-474F-A303-89B4C4A3D11E}.Release|x64.Build.0 = Release|Any CPU
		{C6982AB9-704A-474F-A303-89B4C4A3D11E}.Release|x86.ActiveCfg = Release|Any CPU
		{C6982AB9-704A-474F-A303-89B4C4A3D11E}.Release|x86.Build.0 = Release|Any CPU
		{6C968817-C8BB-4BFF-9284-C786DBF5E90D}.Debug|Any CPU.ActiveCfg = Debug|Any CPU
		{6C968817-C8BB-4BFF-9284-C786DBF5E90D}.Debug|Any CPU.Build.0 = Debug|Any CPU
		{6C968817-C8BB-4BFF-9284-C786DBF5E90D}.Debug|ARM.ActiveCfg = Debug|Any CPU
		{6C968817-C8BB-4BFF-9284-C786DBF5E90D}.Debug|ARM.Build.0 = Debug|Any CPU
		{6C968817-C8BB-4BFF-9284-C786DBF5E90D}.Debug|x64.ActiveCfg = Debug|Any CPU
		{6C968817-C8BB-4BFF-9284-C786DBF5E90D}.Debug|x64.Build.0 = Debug|Any CPU
		{6C968817-C8BB-4BFF-9284-C786DBF5E90D}.Debug|x86.ActiveCfg = Debug|Any CPU
		{6C968817-C8BB-4BFF-9284-C786DBF5E90D}.Debug|x86.Build.0 = Debug|Any CPU
		{6C968817-C8BB-4BFF-9284-C786DBF5E90D}.Release|Any CPU.ActiveCfg = Release|Any CPU
		{6C968817-C8BB-4BFF-9284-C786DBF5E90D}.Release|Any CPU.Build.0 = Release|Any CPU
		{6C968817-C8BB-4BFF-9284-C786DBF5E90D}.Release|ARM.ActiveCfg = Release|Any CPU
		{6C968817-C8BB-4BFF-9284-C786DBF5E90D}.Release|ARM.Build.0 = Release|Any CPU
		{6C968817-C8BB-4BFF-9284-C786DBF5E90D}.Release|x64.ActiveCfg = Release|Any CPU
		{6C968817-C8BB-4BFF-9284-C786DBF5E90D}.Release|x64.Build.0 = Release|Any CPU
		{6C968817-C8BB-4BFF-9284-C786DBF5E90D}.Release|x86.ActiveCfg = Release|Any CPU
		{6C968817-C8BB-4BFF-9284-C786DBF5E90D}.Release|x86.Build.0 = Release|Any CPU
		{1F03FA64-CCEE-4BDB-AED8-9AAB4EE556B1}.Debug|Any CPU.ActiveCfg = Debug|Any CPU
		{1F03FA64-CCEE-4BDB-AED8-9AAB4EE556B1}.Debug|Any CPU.Build.0 = Debug|Any CPU
		{1F03FA64-CCEE-4BDB-AED8-9AAB4EE556B1}.Debug|ARM.ActiveCfg = Debug|Any CPU
		{1F03FA64-CCEE-4BDB-AED8-9AAB4EE556B1}.Debug|ARM.Build.0 = Debug|Any CPU
		{1F03FA64-CCEE-4BDB-AED8-9AAB4EE556B1}.Debug|x64.ActiveCfg = Debug|Any CPU
		{1F03FA64-CCEE-4BDB-AED8-9AAB4EE556B1}.Debug|x64.Build.0 = Debug|Any CPU
		{1F03FA64-CCEE-4BDB-AED8-9AAB4EE556B1}.Debug|x86.ActiveCfg = Debug|Any CPU
		{1F03FA64-CCEE-4BDB-AED8-9AAB4EE556B1}.Debug|x86.Build.0 = Debug|Any CPU
		{1F03FA64-CCEE-4BDB-AED8-9AAB4EE556B1}.Release|Any CPU.ActiveCfg = Release|Any CPU
		{1F03FA64-CCEE-4BDB-AED8-9AAB4EE556B1}.Release|Any CPU.Build.0 = Release|Any CPU
		{1F03FA64-CCEE-4BDB-AED8-9AAB4EE556B1}.Release|ARM.ActiveCfg = Release|Any CPU
		{1F03FA64-CCEE-4BDB-AED8-9AAB4EE556B1}.Release|ARM.Build.0 = Release|Any CPU
		{1F03FA64-CCEE-4BDB-AED8-9AAB4EE556B1}.Release|x64.ActiveCfg = Release|Any CPU
		{1F03FA64-CCEE-4BDB-AED8-9AAB4EE556B1}.Release|x64.Build.0 = Release|Any CPU
		{1F03FA64-CCEE-4BDB-AED8-9AAB4EE556B1}.Release|x86.ActiveCfg = Release|Any CPU
		{1F03FA64-CCEE-4BDB-AED8-9AAB4EE556B1}.Release|x86.Build.0 = Release|Any CPU
		{DDC82E86-35CB-4465-B23C-6C341FE9CC36}.Debug|Any CPU.ActiveCfg = Debug|Any CPU
		{DDC82E86-35CB-4465-B23C-6C341FE9CC36}.Debug|Any CPU.Build.0 = Debug|Any CPU
		{DDC82E86-35CB-4465-B23C-6C341FE9CC36}.Debug|ARM.ActiveCfg = Debug|Any CPU
		{DDC82E86-35CB-4465-B23C-6C341FE9CC36}.Debug|ARM.Build.0 = Debug|Any CPU
		{DDC82E86-35CB-4465-B23C-6C341FE9CC36}.Debug|x64.ActiveCfg = Debug|Any CPU
		{DDC82E86-35CB-4465-B23C-6C341FE9CC36}.Debug|x64.Build.0 = Debug|Any CPU
		{DDC82E86-35CB-4465-B23C-6C341FE9CC36}.Debug|x86.ActiveCfg = Debug|Any CPU
		{DDC82E86-35CB-4465-B23C-6C341FE9CC36}.Debug|x86.Build.0 = Debug|Any CPU
		{DDC82E86-35CB-4465-B23C-6C341FE9CC36}.Release|Any CPU.ActiveCfg = Release|Any CPU
		{DDC82E86-35CB-4465-B23C-6C341FE9CC36}.Release|Any CPU.Build.0 = Release|Any CPU
		{DDC82E86-35CB-4465-B23C-6C341FE9CC36}.Release|ARM.ActiveCfg = Release|Any CPU
		{DDC82E86-35CB-4465-B23C-6C341FE9CC36}.Release|ARM.Build.0 = Release|Any CPU
		{DDC82E86-35CB-4465-B23C-6C341FE9CC36}.Release|x64.ActiveCfg = Release|Any CPU
		{DDC82E86-35CB-4465-B23C-6C341FE9CC36}.Release|x64.Build.0 = Release|Any CPU
		{DDC82E86-35CB-4465-B23C-6C341FE9CC36}.Release|x86.ActiveCfg = Release|Any CPU
		{DDC82E86-35CB-4465-B23C-6C341FE9CC36}.Release|x86.Build.0 = Release|Any CPU
		{658CF62B-C293-465B-AB16-E8E4C00A4B3F}.Debug|Any CPU.ActiveCfg = Debug|Any CPU
		{658CF62B-C293-465B-AB16-E8E4C00A4B3F}.Debug|Any CPU.Build.0 = Debug|Any CPU
		{658CF62B-C293-465B-AB16-E8E4C00A4B3F}.Debug|ARM.ActiveCfg = Debug|Any CPU
		{658CF62B-C293-465B-AB16-E8E4C00A4B3F}.Debug|ARM.Build.0 = Debug|Any CPU
		{658CF62B-C293-465B-AB16-E8E4C00A4B3F}.Debug|x64.ActiveCfg = Debug|Any CPU
		{658CF62B-C293-465B-AB16-E8E4C00A4B3F}.Debug|x64.Build.0 = Debug|Any CPU
		{658CF62B-C293-465B-AB16-E8E4C00A4B3F}.Debug|x86.ActiveCfg = Debug|Any CPU
		{658CF62B-C293-465B-AB16-E8E4C00A4B3F}.Debug|x86.Build.0 = Debug|Any CPU
		{658CF62B-C293-465B-AB16-E8E4C00A4B3F}.Release|Any CPU.ActiveCfg = Release|Any CPU
		{658CF62B-C293-465B-AB16-E8E4C00A4B3F}.Release|Any CPU.Build.0 = Release|Any CPU
		{658CF62B-C293-465B-AB16-E8E4C00A4B3F}.Release|ARM.ActiveCfg = Release|Any CPU
		{658CF62B-C293-465B-AB16-E8E4C00A4B3F}.Release|ARM.Build.0 = Release|Any CPU
		{658CF62B-C293-465B-AB16-E8E4C00A4B3F}.Release|x64.ActiveCfg = Release|Any CPU
		{658CF62B-C293-465B-AB16-E8E4C00A4B3F}.Release|x64.Build.0 = Release|Any CPU
		{658CF62B-C293-465B-AB16-E8E4C00A4B3F}.Release|x86.ActiveCfg = Release|Any CPU
		{658CF62B-C293-465B-AB16-E8E4C00A4B3F}.Release|x86.Build.0 = Release|Any CPU
		{B1E83A0F-594B-4DA5-A787-BC95A7F99765}.Debug|Any CPU.ActiveCfg = Debug|Any CPU
		{B1E83A0F-594B-4DA5-A787-BC95A7F99765}.Debug|Any CPU.Build.0 = Debug|Any CPU
		{B1E83A0F-594B-4DA5-A787-BC95A7F99765}.Debug|ARM.ActiveCfg = Debug|Any CPU
		{B1E83A0F-594B-4DA5-A787-BC95A7F99765}.Debug|ARM.Build.0 = Debug|Any CPU
		{B1E83A0F-594B-4DA5-A787-BC95A7F99765}.Debug|x64.ActiveCfg = Debug|Any CPU
		{B1E83A0F-594B-4DA5-A787-BC95A7F99765}.Debug|x64.Build.0 = Debug|Any CPU
		{B1E83A0F-594B-4DA5-A787-BC95A7F99765}.Debug|x86.ActiveCfg = Debug|Any CPU
		{B1E83A0F-594B-4DA5-A787-BC95A7F99765}.Debug|x86.Build.0 = Debug|Any CPU
		{B1E83A0F-594B-4DA5-A787-BC95A7F99765}.Release|Any CPU.ActiveCfg = Release|Any CPU
		{B1E83A0F-594B-4DA5-A787-BC95A7F99765}.Release|Any CPU.Build.0 = Release|Any CPU
		{B1E83A0F-594B-4DA5-A787-BC95A7F99765}.Release|ARM.ActiveCfg = Release|Any CPU
		{B1E83A0F-594B-4DA5-A787-BC95A7F99765}.Release|ARM.Build.0 = Release|Any CPU
		{B1E83A0F-594B-4DA5-A787-BC95A7F99765}.Release|x64.ActiveCfg = Release|Any CPU
		{B1E83A0F-594B-4DA5-A787-BC95A7F99765}.Release|x64.Build.0 = Release|Any CPU
		{B1E83A0F-594B-4DA5-A787-BC95A7F99765}.Release|x86.ActiveCfg = Release|Any CPU
		{B1E83A0F-594B-4DA5-A787-BC95A7F99765}.Release|x86.Build.0 = Release|Any CPU
		{49CCCA7D-98C3-44BA-94F6-45DA4AFF7886}.Debug|Any CPU.ActiveCfg = Debug|Any CPU
		{49CCCA7D-98C3-44BA-94F6-45DA4AFF7886}.Debug|Any CPU.Build.0 = Debug|Any CPU
		{49CCCA7D-98C3-44BA-94F6-45DA4AFF7886}.Debug|ARM.ActiveCfg = Debug|Any CPU
		{49CCCA7D-98C3-44BA-94F6-45DA4AFF7886}.Debug|ARM.Build.0 = Debug|Any CPU
		{49CCCA7D-98C3-44BA-94F6-45DA4AFF7886}.Debug|x64.ActiveCfg = Debug|Any CPU
		{49CCCA7D-98C3-44BA-94F6-45DA4AFF7886}.Debug|x64.Build.0 = Debug|Any CPU
		{49CCCA7D-98C3-44BA-94F6-45DA4AFF7886}.Debug|x86.ActiveCfg = Debug|Any CPU
		{49CCCA7D-98C3-44BA-94F6-45DA4AFF7886}.Debug|x86.Build.0 = Debug|Any CPU
		{49CCCA7D-98C3-44BA-94F6-45DA4AFF7886}.Release|Any CPU.ActiveCfg = Release|Any CPU
		{49CCCA7D-98C3-44BA-94F6-45DA4AFF7886}.Release|Any CPU.Build.0 = Release|Any CPU
		{49CCCA7D-98C3-44BA-94F6-45DA4AFF7886}.Release|ARM.ActiveCfg = Release|Any CPU
		{49CCCA7D-98C3-44BA-94F6-45DA4AFF7886}.Release|ARM.Build.0 = Release|Any CPU
		{49CCCA7D-98C3-44BA-94F6-45DA4AFF7886}.Release|x64.ActiveCfg = Release|Any CPU
		{49CCCA7D-98C3-44BA-94F6-45DA4AFF7886}.Release|x64.Build.0 = Release|Any CPU
		{49CCCA7D-98C3-44BA-94F6-45DA4AFF7886}.Release|x86.ActiveCfg = Release|Any CPU
		{49CCCA7D-98C3-44BA-94F6-45DA4AFF7886}.Release|x86.Build.0 = Release|Any CPU
	EndGlobalSection
	GlobalSection(SolutionProperties) = preSolution
		HideSolutionNode = FALSE
	EndGlobalSection
EndGlobal
